
Microsoft Visual Studio Solution File, Format Version 12.00
# Visual Studio Version 16
VisualStudioVersion = 16.0.30804.86
MinimumVisualStudioVersion = 10.0.40219.1
Project("{FAE04EC0-301F-11D3-BF4B-00C04F79EFBC}") = "Packer.App", "Packer.App\Packer.App.csproj", "{C2BB9EAF-99C1-4AB0-922A-45D4E449F9C9}"
EndProject
Project("{FAE04EC0-301F-11D3-BF4B-00C04F79EFBC}") = "Packer", "Packer\Packer.csproj", "{2C32DBAD-118F-4CAC-A8F8-8B28CC10D747}"
EndProject
Project("{2150E333-8FDC-42A3-9474-1A3956D46DE8}") = "Tests", "Tests", "{2E74DEA3-C260-4E7E-9DF2-4E8851E96691}"
EndProject
Project("{FAE04EC0-301F-11D3-BF4B-00C04F79EFBC}") = "Packer.Tests", "Packer.Tests\Packer.Tests.csproj", "{661E7827-2DCB-4359-B40B-2F9C4F83B5D8}"
EndProject
Global
	GlobalSection(SolutionConfigurationPlatforms) = preSolution
		Debug|Any CPU = Debug|Any CPU
		Release|Any CPU = Release|Any CPU
	EndGlobalSection
	GlobalSection(ProjectConfigurationPlatforms) = postSolution
		{C2BB9EAF-99C1-4AB0-922A-45D4E449F9C9}.Debug|Any CPU.ActiveCfg = Debug|Any CPU
		{C2BB9EAF-99C1-4AB0-922A-45D4E449F9C9}.Debug|Any CPU.Build.0 = Debug|Any CPU
		{C2BB9EAF-99C1-4AB0-922A-45D4E449F9C9}.Release|Any CPU.ActiveCfg = Release|Any CPU
		{C2BB9EAF-99C1-4AB0-922A-45D4E449F9C9}.Release|Any CPU.Build.0 = Release|Any CPU
		{2C32DBAD-118F-4CAC-A8F8-8B28CC10D747}.Debug|Any CPU.ActiveCfg = Debug|Any CPU
		{2C32DBAD-118F-4CAC-A8F8-8B28CC10D747}.Debug|Any CPU.Build.0 = Debug|Any CPU
		{2C32DBAD-118F-4CAC-A8F8-8B28CC10D747}.Release|Any CPU.ActiveCfg = Release|Any CPU
		{2C32DBAD-118F-4CAC-A8F8-8B28CC10D747}.Release|Any CPU.Build.0 = Release|Any CPU
		{661E7827-2DCB-4359-B40B-2F9C4F83B5D8}.Debug|Any CPU.ActiveCfg = Debug|Any CPU
		{661E7827-2DCB-4359-B40B-2F9C4F83B5D8}.Debug|Any CPU.Build.0 = Debug|Any CPU
		{661E7827-2DCB-4359-B40B-2F9C4F83B5D8}.Release|Any CPU.ActiveCfg = Release|Any CPU
		{661E7827-2DCB-4359-B40B-2F9C4F83B5D8}.Release|Any CPU.Build.0 = Release|Any CPU
	EndGlobalSection
	GlobalSection(SolutionProperties) = preSolution
		HideSolutionNode = FALSE
	EndGlobalSection
	GlobalSection(NestedProjects) = preSolution
		{661E7827-2DCB-4359-B40B-2F9C4F83B5D8} = {2E74DEA3-C260-4E7E-9DF2-4E8851E96691}
	EndGlobalSection
	GlobalSection(ExtensibilityGlobals) = postSolution
		SolutionGuid = {92D54708-5BDA-4524-B8E3-6592AB147416}
	EndGlobalSection
EndGlobal
